
Microsoft Visual Studio Solution File, Format Version 12.00
# Visual Studio 15
VisualStudioVersion = 15.0.28307.1209
MinimumVisualStudioVersion = 10.0.40219.1
Project("{9A19103F-16F7-4668-BE54-9A1E7A4F7556}") = "Delegate", "Delegate\Delegate.csproj", "{8DD4BB9C-1F7B-4570-8C3E-54761584812B}"
EndProject
Project("{2150E333-8FDC-42A3-9474-1A3956D46DE8}") = "Season01.Delegate", "Season01.Delegate", "{C57232F3-42E0-41FA-BEB6-33F0DDF82018}"
EndProject
Project("{9A19103F-16F7-4668-BE54-9A1E7A4F7556}") = "MultiCastDelegate", "MulticastDelegate\MultiCastDelegate.csproj", "{8275F2D8-9025-4637-8AF6-DFAA2E9845C3}"
EndProject
Project("{9A19103F-16F7-4668-BE54-9A1E7A4F7556}") = "BuiltInDelegates", "BuiltInDelegates\BuiltInDelegates.csproj", "{BF2310AA-9759-4E86-A199-39A13AC67D2E}"
EndProject
Project("{2150E333-8FDC-42A3-9474-1A3956D46DE8}") = "Season02.LambdaExpression", "Season02.LambdaExpression", "{826DCA76-CFCE-48F0-B40F-EA9F47B367F0}"
EndProject
Project("{9A19103F-16F7-4668-BE54-9A1E7A4F7556}") = "AnonymousMethod", "AnonymousMethod\AnonymousMethod.csproj", "{D4BF06AC-02CC-478D-BE21-7212C50EB13E}"
EndProject
Project("{9A19103F-16F7-4668-BE54-9A1E7A4F7556}") = "LambdaExpression", "LambdaExpression\LambdaExpression.csproj", "{F9E3346A-99CA-471F-B550-C6588998F797}"
EndProject
Project("{9A19103F-16F7-4668-BE54-9A1E7A4F7556}") = "ExpressionTrees", "ExpressionTrees\ExpressionTrees.csproj", "{0A28DF33-628B-48E9-AC71-5E6526F1BF96}"
EndProject
Project("{9A19103F-16F7-4668-BE54-9A1E7A4F7556}") = "EventAndLambdaExpression", "EventAndLambdaExpression\EventAndLambdaExpression.csproj", "{604BE6CC-E9BC-44C7-92FD-940876C3A5FF}"
EndProject
Project("{2150E333-8FDC-42A3-9474-1A3956D46DE8}") = "Season03.LINQ", "Season03.LINQ", "{1029B0CF-3A49-4B9D-A96C-5AEA6F1D63F7}"
EndProject
Project("{9A19103F-16F7-4668-BE54-9A1E7A4F7556}") = "Collections", "Collections\Collections.csproj", "{E373EA6E-8B6F-4FBC-84F4-BF482077728D}"
EndProject
Project("{9A19103F-16F7-4668-BE54-9A1E7A4F7556}") = "LinqSyntax", "LinqSyntax\LinqSyntax.csproj", "{AB258638-F3C4-45F9-BC78-48A8E18B7355}"
EndProject
Project("{9A19103F-16F7-4668-BE54-9A1E7A4F7556}") = "Filtering", "Filtering\Filtering.csproj", "{D8992A6B-AADE-4BB3-8CEF-A56554FEF70A}"
EndProject
Project("{9A19103F-16F7-4668-BE54-9A1E7A4F7556}") = "Sorting", "Sorting\Sorting.csproj", "{93614F16-F144-4D6C-8BF9-2BDD6F286B36}"
EndProject
Project("{9A19103F-16F7-4668-BE54-9A1E7A4F7556}") = "Grouping", "Grouping\Grouping.csproj", "{2552BAD6-4C39-4120-840F-47A1945D2490}"
EndProject
Project("{9A19103F-16F7-4668-BE54-9A1E7A4F7556}") = "Join", "Join\Join.csproj", "{9EA21CBC-4BEF-4D19-9BE3-66B5DE5BF52A}"
EndProject
Project("{9A19103F-16F7-4668-BE54-9A1E7A4F7556}") = "Projection", "Projection\Projection.csproj", "{77A7FBF4-8E3F-404F-9F62-4A826048EDEA}"
EndProject
Project("{9A19103F-16F7-4668-BE54-9A1E7A4F7556}") = "Comparer", "Comparer\Comparer.csproj", "{77967328-0015-4111-A5C0-E7168ED95F98}"
EndProject
Project("{9A19103F-16F7-4668-BE54-9A1E7A4F7556}") = "Quantifiers", "Quantifiers\Quantifiers.csproj", "{1C573D97-2107-47EB-B0C2-D269F3264395}"
EndProject
Project("{9A19103F-16F7-4668-BE54-9A1E7A4F7556}") = "Aggregation", "Aggregation\Aggregation.csproj", "{67F2E125-8858-4F4E-892E-D0912DD8FF1F}"
EndProject
Project("{9A19103F-16F7-4668-BE54-9A1E7A4F7556}") = "Elements", "Elements\Elements.csproj", "{D14315AB-696F-480E-A257-981ECC0200B1}"
EndProject
Project("{9A19103F-16F7-4668-BE54-9A1E7A4F7556}") = "Sets", "Sets\Sets.csproj", "{EFD5C9CB-D898-403B-9EE7-D85D88770CDE}"
EndProject
Project("{FAE04EC0-301F-11D3-BF4B-00C04F79EFBC}") = "Partitioning", "Partitioning\Partitioning.csproj", "{A5943ED7-2C0C-4DB6-9FD5-33434573787E}"
EndProject
Project("{FAE04EC0-301F-11D3-BF4B-00C04F79EFBC}") = "SequenceEqual", "SequenceEqual\SequenceEqual.csproj", "{029053BE-9D64-426F-B2CC-C90F05E89182}"
EndProject
Project("{FAE04EC0-301F-11D3-BF4B-00C04F79EFBC}") = "Concat", "Concat\Concat.csproj", "{7CC64B7B-68B2-45AB-824D-614733008AAF}"
EndProject
Project("{FAE04EC0-301F-11D3-BF4B-00C04F79EFBC}") = "Generation", "Generation\Generation.csproj", "{91D7FD79-5C91-4DA8-8223-D274C3E8272D}"
EndProject
Project("{9A19103F-16F7-4668-BE54-9A1E7A4F7556}") = "Conversion", "Conversion\Conversion.csproj", "{DDE97D6B-36AB-4C61-84D3-121BBF6DB0EB}"
EndProject
Project("{FAE04EC0-301F-11D3-BF4B-00C04F79EFBC}") = "LetAndInto", "LetAndInto\LetAndInto.csproj", "{215E539B-887C-462F-A3CF-0B2D830C32B9}"
EndProject
Global
	GlobalSection(SolutionConfigurationPlatforms) = preSolution
		Debug|Any CPU = Debug|Any CPU
		Release|Any CPU = Release|Any CPU
	EndGlobalSection
	GlobalSection(ProjectConfigurationPlatforms) = postSolution
		{8DD4BB9C-1F7B-4570-8C3E-54761584812B}.Debug|Any CPU.ActiveCfg = Debug|Any CPU
		{8DD4BB9C-1F7B-4570-8C3E-54761584812B}.Debug|Any CPU.Build.0 = Debug|Any CPU
		{8DD4BB9C-1F7B-4570-8C3E-54761584812B}.Release|Any CPU.ActiveCfg = Release|Any CPU
		{8DD4BB9C-1F7B-4570-8C3E-54761584812B}.Release|Any CPU.Build.0 = Release|Any CPU
		{8275F2D8-9025-4637-8AF6-DFAA2E9845C3}.Debug|Any CPU.ActiveCfg = Debug|Any CPU
		{8275F2D8-9025-4637-8AF6-DFAA2E9845C3}.Debug|Any CPU.Build.0 = Debug|Any CPU
		{8275F2D8-9025-4637-8AF6-DFAA2E9845C3}.Release|Any CPU.ActiveCfg = Release|Any CPU
		{8275F2D8-9025-4637-8AF6-DFAA2E9845C3}.Release|Any CPU.Build.0 = Release|Any CPU
		{BF2310AA-9759-4E86-A199-39A13AC67D2E}.Debug|Any CPU.ActiveCfg = Debug|Any CPU
		{BF2310AA-9759-4E86-A199-39A13AC67D2E}.Debug|Any CPU.Build.0 = Debug|Any CPU
		{BF2310AA-9759-4E86-A199-39A13AC67D2E}.Release|Any CPU.ActiveCfg = Release|Any CPU
		{BF2310AA-9759-4E86-A199-39A13AC67D2E}.Release|Any CPU.Build.0 = Release|Any CPU
		{D4BF06AC-02CC-478D-BE21-7212C50EB13E}.Debug|Any CPU.ActiveCfg = Debug|Any CPU
		{D4BF06AC-02CC-478D-BE21-7212C50EB13E}.Debug|Any CPU.Build.0 = Debug|Any CPU
		{D4BF06AC-02CC-478D-BE21-7212C50EB13E}.Release|Any CPU.ActiveCfg = Release|Any CPU
		{D4BF06AC-02CC-478D-BE21-7212C50EB13E}.Release|Any CPU.Build.0 = Release|Any CPU
		{F9E3346A-99CA-471F-B550-C6588998F797}.Debug|Any CPU.ActiveCfg = Debug|Any CPU
		{F9E3346A-99CA-471F-B550-C6588998F797}.Debug|Any CPU.Build.0 = Debug|Any CPU
		{F9E3346A-99CA-471F-B550-C6588998F797}.Release|Any CPU.ActiveCfg = Release|Any CPU
		{F9E3346A-99CA-471F-B550-C6588998F797}.Release|Any CPU.Build.0 = Release|Any CPU
		{0A28DF33-628B-48E9-AC71-5E6526F1BF96}.Debug|Any CPU.ActiveCfg = Debug|Any CPU
		{0A28DF33-628B-48E9-AC71-5E6526F1BF96}.Debug|Any CPU.Build.0 = Debug|Any CPU
		{0A28DF33-628B-48E9-AC71-5E6526F1BF96}.Release|Any CPU.ActiveCfg = Release|Any CPU
		{0A28DF33-628B-48E9-AC71-5E6526F1BF96}.Release|Any CPU.Build.0 = Release|Any CPU
		{604BE6CC-E9BC-44C7-92FD-940876C3A5FF}.Debug|Any CPU.ActiveCfg = Debug|Any CPU
		{604BE6CC-E9BC-44C7-92FD-940876C3A5FF}.Debug|Any CPU.Build.0 = Debug|Any CPU
		{604BE6CC-E9BC-44C7-92FD-940876C3A5FF}.Release|Any CPU.ActiveCfg = Release|Any CPU
		{604BE6CC-E9BC-44C7-92FD-940876C3A5FF}.Release|Any CPU.Build.0 = Release|Any CPU
		{E373EA6E-8B6F-4FBC-84F4-BF482077728D}.Debug|Any CPU.ActiveCfg = Debug|Any CPU
		{E373EA6E-8B6F-4FBC-84F4-BF482077728D}.Debug|Any CPU.Build.0 = Debug|Any CPU
		{E373EA6E-8B6F-4FBC-84F4-BF482077728D}.Release|Any CPU.ActiveCfg = Release|Any CPU
		{E373EA6E-8B6F-4FBC-84F4-BF482077728D}.Release|Any CPU.Build.0 = Release|Any CPU
		{AB258638-F3C4-45F9-BC78-48A8E18B7355}.Debug|Any CPU.ActiveCfg = Debug|Any CPU
		{AB258638-F3C4-45F9-BC78-48A8E18B7355}.Debug|Any CPU.Build.0 = Debug|Any CPU
		{AB258638-F3C4-45F9-BC78-48A8E18B7355}.Release|Any CPU.ActiveCfg = Release|Any CPU
		{AB258638-F3C4-45F9-BC78-48A8E18B7355}.Release|Any CPU.Build.0 = Release|Any CPU
		{D8992A6B-AADE-4BB3-8CEF-A56554FEF70A}.Debug|Any CPU.ActiveCfg = Debug|Any CPU
		{D8992A6B-AADE-4BB3-8CEF-A56554FEF70A}.Debug|Any CPU.Build.0 = Debug|Any CPU
		{D8992A6B-AADE-4BB3-8CEF-A56554FEF70A}.Release|Any CPU.ActiveCfg = Release|Any CPU
		{D8992A6B-AADE-4BB3-8CEF-A56554FEF70A}.Release|Any CPU.Build.0 = Release|Any CPU
		{93614F16-F144-4D6C-8BF9-2BDD6F286B36}.Debug|Any CPU.ActiveCfg = Debug|Any CPU
		{93614F16-F144-4D6C-8BF9-2BDD6F286B36}.Debug|Any CPU.Build.0 = Debug|Any CPU
		{93614F16-F144-4D6C-8BF9-2BDD6F286B36}.Release|Any CPU.ActiveCfg = Release|Any CPU
		{93614F16-F144-4D6C-8BF9-2BDD6F286B36}.Release|Any CPU.Build.0 = Release|Any CPU
		{2552BAD6-4C39-4120-840F-47A1945D2490}.Debug|Any CPU.ActiveCfg = Debug|Any CPU
		{2552BAD6-4C39-4120-840F-47A1945D2490}.Debug|Any CPU.Build.0 = Debug|Any CPU
		{2552BAD6-4C39-4120-840F-47A1945D2490}.Release|Any CPU.ActiveCfg = Release|Any CPU
		{2552BAD6-4C39-4120-840F-47A1945D2490}.Release|Any CPU.Build.0 = Release|Any CPU
		{9EA21CBC-4BEF-4D19-9BE3-66B5DE5BF52A}.Debug|Any CPU.ActiveCfg = Debug|Any CPU
		{9EA21CBC-4BEF-4D19-9BE3-66B5DE5BF52A}.Debug|Any CPU.Build.0 = Debug|Any CPU
		{9EA21CBC-4BEF-4D19-9BE3-66B5DE5BF52A}.Release|Any CPU.ActiveCfg = Release|Any CPU
		{9EA21CBC-4BEF-4D19-9BE3-66B5DE5BF52A}.Release|Any CPU.Build.0 = Release|Any CPU
		{77A7FBF4-8E3F-404F-9F62-4A826048EDEA}.Debug|Any CPU.ActiveCfg = Debug|Any CPU
		{77A7FBF4-8E3F-404F-9F62-4A826048EDEA}.Debug|Any CPU.Build.0 = Debug|Any CPU
		{77A7FBF4-8E3F-404F-9F62-4A826048EDEA}.Release|Any CPU.ActiveCfg = Release|Any CPU
		{77A7FBF4-8E3F-404F-9F62-4A826048EDEA}.Release|Any CPU.Build.0 = Release|Any CPU
		{77967328-0015-4111-A5C0-E7168ED95F98}.Debug|Any CPU.ActiveCfg = Debug|Any CPU
		{77967328-0015-4111-A5C0-E7168ED95F98}.Debug|Any CPU.Build.0 = Debug|Any CPU
		{77967328-0015-4111-A5C0-E7168ED95F98}.Release|Any CPU.ActiveCfg = Release|Any CPU
		{77967328-0015-4111-A5C0-E7168ED95F98}.Release|Any CPU.Build.0 = Release|Any CPU
		{1C573D97-2107-47EB-B0C2-D269F3264395}.Debug|Any CPU.ActiveCfg = Debug|Any CPU
		{1C573D97-2107-47EB-B0C2-D269F3264395}.Debug|Any CPU.Build.0 = Debug|Any CPU
		{1C573D97-2107-47EB-B0C2-D269F3264395}.Release|Any CPU.ActiveCfg = Release|Any CPU
		{1C573D97-2107-47EB-B0C2-D269F3264395}.Release|Any CPU.Build.0 = Release|Any CPU
		{67F2E125-8858-4F4E-892E-D0912DD8FF1F}.Debug|Any CPU.ActiveCfg = Debug|Any CPU
		{67F2E125-8858-4F4E-892E-D0912DD8FF1F}.Debug|Any CPU.Build.0 = Debug|Any CPU
		{67F2E125-8858-4F4E-892E-D0912DD8FF1F}.Release|Any CPU.ActiveCfg = Release|Any CPU
		{67F2E125-8858-4F4E-892E-D0912DD8FF1F}.Release|Any CPU.Build.0 = Release|Any CPU
		{D14315AB-696F-480E-A257-981ECC0200B1}.Debug|Any CPU.ActiveCfg = Debug|Any CPU
		{D14315AB-696F-480E-A257-981ECC0200B1}.Debug|Any CPU.Build.0 = Debug|Any CPU
		{D14315AB-696F-480E-A257-981ECC0200B1}.Release|Any CPU.ActiveCfg = Release|Any CPU
		{D14315AB-696F-480E-A257-981ECC0200B1}.Release|Any CPU.Build.0 = Release|Any CPU
		{EFD5C9CB-D898-403B-9EE7-D85D88770CDE}.Debug|Any CPU.ActiveCfg = Debug|Any CPU
		{EFD5C9CB-D898-403B-9EE7-D85D88770CDE}.Debug|Any CPU.Build.0 = Debug|Any CPU
		{EFD5C9CB-D898-403B-9EE7-D85D88770CDE}.Release|Any CPU.ActiveCfg = Release|Any CPU
		{EFD5C9CB-D898-403B-9EE7-D85D88770CDE}.Release|Any CPU.Build.0 = Release|Any CPU
		{A5943ED7-2C0C-4DB6-9FD5-33434573787E}.Debug|Any CPU.ActiveCfg = Debug|Any CPU
		{A5943ED7-2C0C-4DB6-9FD5-33434573787E}.Debug|Any CPU.Build.0 = Debug|Any CPU
		{A5943ED7-2C0C-4DB6-9FD5-33434573787E}.Release|Any CPU.ActiveCfg = Release|Any CPU
		{A5943ED7-2C0C-4DB6-9FD5-33434573787E}.Release|Any CPU.Build.0 = Release|Any CPU
		{029053BE-9D64-426F-B2CC-C90F05E89182}.Debug|Any CPU.ActiveCfg = Debug|Any CPU
		{029053BE-9D64-426F-B2CC-C90F05E89182}.Debug|Any CPU.Build.0 = Debug|Any CPU
		{029053BE-9D64-426F-B2CC-C90F05E89182}.Release|Any CPU.ActiveCfg = Release|Any CPU
		{029053BE-9D64-426F-B2CC-C90F05E89182}.Release|Any CPU.Build.0 = Release|Any CPU
		{7CC64B7B-68B2-45AB-824D-614733008AAF}.Debug|Any CPU.ActiveCfg = Debug|Any CPU
		{7CC64B7B-68B2-45AB-824D-614733008AAF}.Debug|Any CPU.Build.0 = Debug|Any CPU
		{7CC64B7B-68B2-45AB-824D-614733008AAF}.Release|Any CPU.ActiveCfg = Release|Any CPU
		{7CC64B7B-68B2-45AB-824D-614733008AAF}.Release|Any CPU.Build.0 = Release|Any CPU
		{91D7FD79-5C91-4DA8-8223-D274C3E8272D}.Debug|Any CPU.ActiveCfg = Debug|Any CPU
		{91D7FD79-5C91-4DA8-8223-D274C3E8272D}.Debug|Any CPU.Build.0 = Debug|Any CPU
		{91D7FD79-5C91-4DA8-8223-D274C3E8272D}.Release|Any CPU.ActiveCfg = Release|Any CPU
		{91D7FD79-5C91-4DA8-8223-D274C3E8272D}.Release|Any CPU.Build.0 = Release|Any CPU
		{DDE97D6B-36AB-4C61-84D3-121BBF6DB0EB}.Debug|Any CPU.ActiveCfg = Debug|Any CPU
		{DDE97D6B-36AB-4C61-84D3-121BBF6DB0EB}.Debug|Any CPU.Build.0 = Debug|Any CPU
		{DDE97D6B-36AB-4C61-84D3-121BBF6DB0EB}.Release|Any CPU.ActiveCfg = Release|Any CPU
		{DDE97D6B-36AB-4C61-84D3-121BBF6DB0EB}.Release|Any CPU.Build.0 = Release|Any CPU
		{215E539B-887C-462F-A3CF-0B2D830C32B9}.Debug|Any CPU.ActiveCfg = Debug|Any CPU
		{215E539B-887C-462F-A3CF-0B2D830C32B9}.Debug|Any CPU.Build.0 = Debug|Any CPU
		{215E539B-887C-462F-A3CF-0B2D830C32B9}.Release|Any CPU.ActiveCfg = Release|Any CPU
		{215E539B-887C-462F-A3CF-0B2D830C32B9}.Release|Any CPU.Build.0 = Release|Any CPU
	EndGlobalSection
	GlobalSection(SolutionProperties) = preSolution
		HideSolutionNode = FALSE
	EndGlobalSection
	GlobalSection(NestedProjects) = preSolution
		{8DD4BB9C-1F7B-4570-8C3E-54761584812B} = {C57232F3-42E0-41FA-BEB6-33F0DDF82018}
		{8275F2D8-9025-4637-8AF6-DFAA2E9845C3} = {C57232F3-42E0-41FA-BEB6-33F0DDF82018}
		{BF2310AA-9759-4E86-A199-39A13AC67D2E} = {C57232F3-42E0-41FA-BEB6-33F0DDF82018}
		{D4BF06AC-02CC-478D-BE21-7212C50EB13E} = {826DCA76-CFCE-48F0-B40F-EA9F47B367F0}
		{F9E3346A-99CA-471F-B550-C6588998F797} = {826DCA76-CFCE-48F0-B40F-EA9F47B367F0}
		{0A28DF33-628B-48E9-AC71-5E6526F1BF96} = {826DCA76-CFCE-48F0-B40F-EA9F47B367F0}
		{604BE6CC-E9BC-44C7-92FD-940876C3A5FF} = {826DCA76-CFCE-48F0-B40F-EA9F47B367F0}
		{E373EA6E-8B6F-4FBC-84F4-BF482077728D} = {1029B0CF-3A49-4B9D-A96C-5AEA6F1D63F7}
		{AB258638-F3C4-45F9-BC78-48A8E18B7355} = {1029B0CF-3A49-4B9D-A96C-5AEA6F1D63F7}
		{D8992A6B-AADE-4BB3-8CEF-A56554FEF70A} = {1029B0CF-3A49-4B9D-A96C-5AEA6F1D63F7}
		{93614F16-F144-4D6C-8BF9-2BDD6F286B36} = {1029B0CF-3A49-4B9D-A96C-5AEA6F1D63F7}
		{2552BAD6-4C39-4120-840F-47A1945D2490} = {1029B0CF-3A49-4B9D-A96C-5AEA6F1D63F7}
		{9EA21CBC-4BEF-4D19-9BE3-66B5DE5BF52A} = {1029B0CF-3A49-4B9D-A96C-5AEA6F1D63F7}
		{77A7FBF4-8E3F-404F-9F62-4A826048EDEA} = {1029B0CF-3A49-4B9D-A96C-5AEA6F1D63F7}
		{77967328-0015-4111-A5C0-E7168ED95F98} = {1029B0CF-3A49-4B9D-A96C-5AEA6F1D63F7}
		{1C573D97-2107-47EB-B0C2-D269F3264395} = {1029B0CF-3A49-4B9D-A96C-5AEA6F1D63F7}
		{67F2E125-8858-4F4E-892E-D0912DD8FF1F} = {1029B0CF-3A49-4B9D-A96C-5AEA6F1D63F7}
		{D14315AB-696F-480E-A257-981ECC0200B1} = {1029B0CF-3A49-4B9D-A96C-5AEA6F1D63F7}
		{EFD5C9CB-D898-403B-9EE7-D85D88770CDE} = {1029B0CF-3A49-4B9D-A96C-5AEA6F1D63F7}
		{A5943ED7-2C0C-4DB6-9FD5-33434573787E} = {1029B0CF-3A49-4B9D-A96C-5AEA6F1D63F7}
		{029053BE-9D64-426F-B2CC-C90F05E89182} = {1029B0CF-3A49-4B9D-A96C-5AEA6F1D63F7}
		{7CC64B7B-68B2-45AB-824D-614733008AAF} = {1029B0CF-3A49-4B9D-A96C-5AEA6F1D63F7}
		{91D7FD79-5C91-4DA8-8223-D274C3E8272D} = {1029B0CF-3A49-4B9D-A96C-5AEA6F1D63F7}
		{DDE97D6B-36AB-4C61-84D3-121BBF6DB0EB} = {1029B0CF-3A49-4B9D-A96C-5AEA6F1D63F7}
		{215E539B-887C-462F-A3CF-0B2D830C32B9} = {1029B0CF-3A49-4B9D-A96C-5AEA6F1D63F7}
	EndGlobalSection
	GlobalSection(ExtensibilityGlobals) = postSolution
		SolutionGuid = {D5AC3E5C-9128-4407-95A7-E4AB07EA3B7A}
	EndGlobalSection
EndGlobal
